{
  "name": "datastar-movies",
  "version": "0.1.0",
  "lockfileVersion": 3,
  "requires": true,
  "packages": {
    "": {
      "name": "datastar-movies",
      "version": "0.1.0",
      "dependencies": {
        "tyrell-components": "1.0.0-TC31"
      },
      "devDependencies": {
        "@types/node": "^22",
        "typescript": "^5.6"
      },
      "engines": {
        "node": ">=22"
      }
    },
    "node_modules/@types/node": {
      "version": "22.20.0",
      "dev": true,
      "license": "MIT",
      "dependencies": {
        "undici-types": "~6.21.0"
      }
    },
    "node_modules/typescript": {
      "version": "5.9.3",
      "dev": true,
      "license": "Apache-2.0",
      "bin": {
        "tsc": "bin/tsc",
        "tsserver": "bin/tsserver"
      },
      "engines": {
        "node": ">=14.17"
      }
    },
    "node_modules/tyrell-components": {
      "version": "1.0.0-TC31",
      "resolved": "https://registry.npmjs.org/tyrell-components/-/tyrell-components-1.0.0-TC31.tgz",
      "integrity": "sha512-TXq8muqL3sMJwmOSK0KEHxpiq5J3hCjO6X4J2U4RK4BKlblbF+0/mt1wwXzFuKaEtDi1EmvOCzT6czo86Pqeog==",
      "license": "MIT"
    },
    "node_modules/undici-types": {
      "version": "6.21.0",
      "dev": true,
      "license": "MIT"
    }
  }
}
